
Microsoft Visual Studio Solution File, Format Version 12.00
# Visual Studio Version 16
VisualStudioVersion = 16.0.28803.156
MinimumVisualStudioVersion = 10.0.40219.1
Project("{9A19103F-16F7-4668-BE54-9A1E7A4F7556}") = "DOOP_LV1", "DOOP_LV1.csproj", "{83DBDB05-9E78-4302-A547-67BA3CE003E7}"
EndProject
Global
	GlobalSection(SolutionConfigurationPlatforms) = preSolution
		Debug|Any CPU = Debug|Any CPU
		Release|Any CPU = Release|Any CPU
	EndGlobalSection
	GlobalSection(ProjectConfigurationPlatforms) = postSolution
		{83DBDB05-9E78-4302-A547-67BA3CE003E7}.Debug|Any CPU.ActiveCfg = Debug|Any CPU
		{83DBDB05-9E78-4302-A547-67BA3CE003E7}.Debug|Any CPU.Build.0 = Debug|Any CPU
		{83DBDB05-9E78-4302-A547-67BA3CE003E7}.Release|Any CPU.ActiveCfg = Release|Any CPU
		{83DBDB05-9E78-4302-A547-67BA3CE003E7}.Release|Any CPU.Build.0 = Release|Any CPU
	EndGlobalSection
	GlobalSection(SolutionProperties) = preSolution
		HideSolutionNode = FALSE
	EndGlobalSection
	GlobalSection(ExtensibilityGlobals) = postSolution
		SolutionGuid = {268D6448-69EC-4E6F-8455-F2C25829565B}
	EndGlobalSection
EndGlobal
